
Microsoft Visual Studio Solution File, Format Version 12.00
# Visual Studio Version 16
VisualStudioVersion = 16.0.34407.143
MinimumVisualStudioVersion = 10.0.40219.1
Project("{F184B08F-C81C-45F6-A57F-5ABD9991F28F}") = "AttendanceTaking Project", "AttendanceTaking Project\AttendanceTaking Project.vbproj", "{09C0F7E0-0BE4-4F56-BCA4-4095C82C5212}"
EndProject
Global
	GlobalSection(SolutionConfigurationPlatforms) = preSolution
		Debug|Any CPU = Debug|Any CPU
		Release|Any CPU = Release|Any CPU
	EndGlobalSection
	GlobalSection(ProjectConfigurationPlatforms) = postSolution
		{09C0F7E0-0BE4-4F56-BCA4-4095C82C5212}.Debug|Any CPU.ActiveCfg = Debug|Any CPU
		{09C0F7E0-0BE4-4F56-BCA4-4095C82C5212}.Debug|Any CPU.Build.0 = Debug|Any CPU
		{09C0F7E0-0BE4-4F56-BCA4-4095C82C5212}.Release|Any CPU.ActiveCfg = Release|Any CPU
		{09C0F7E0-0BE4-4F56-BCA4-4095C82C5212}.Release|Any CPU.Build.0 = Release|Any CPU
	EndGlobalSection
	GlobalSection(SolutionProperties) = preSolution
		HideSolutionNode = FALSE
	EndGlobalSection
	GlobalSection(ExtensibilityGlobals) = postSolution
		SolutionGuid = {9C67EA03-1B91-4A6C-A18A-C386F825B932}
	EndGlobalSection
EndGlobal
